
Microsoft Visual Studio Solution File, Format Version 12.00
# Visual Studio Version 17
VisualStudioVersion = 17.9.34902.65
MinimumVisualStudioVersion = 10.0.40219.1
Project("{2150E333-8FDC-42A3-9474-1A3956D46DE8}") = "Services", "Services", "{7CEB4614-F105-4F1F-BBC3-175A15722ABB}"
EndProject
Project("{2150E333-8FDC-42A3-9474-1A3956D46DE8}") = "HumanResources", "HumanResources", "{94BB062A-5102-491A-B971-09D59AC28494}"
EndProject
Project("{9A19103F-16F7-4668-BE54-9A1E7A4F7556}") = "HumanResources.Api", "Services\HumanResources\HumanResources.Api\HumanResources.Api.csproj", "{4A5874C7-130D-4E92-8F74-0CC86479E780}"
EndProject
Project("{9A19103F-16F7-4668-BE54-9A1E7A4F7556}") = "HumanResources.Domain", "Services\HumanResources\HumanResources.Domain\HumanResources.Domain.csproj", "{F3AF02A6-1AB8-4C2A-9608-F037F4BAF031}"
EndProject
Project("{9A19103F-16F7-4668-BE54-9A1E7A4F7556}") = "HumanResources.AppLogic", "Services\HumanResources\HumanResources.AppLogic\HumanResources.AppLogic.csproj", "{D00FD5D1-2203-4403-A464-8FEB5E2DDD41}"
EndProject
Project("{9A19103F-16F7-4668-BE54-9A1E7A4F7556}") = "HumanResources.Infrastructure", "Services\HumanResources\HumanResources.Infrastructure\HumanResources.Infrastructure.csproj", "{0EFB8987-DE8A-4FF3-9FAC-92C07E1CAC22}"
EndProject
Project("{E53339B2-1760-4266-BCC7-CA923CBCF16C}") = "docker-compose", "docker-compose.dcproj", "{9209CE8A-A837-4364-8793-331C189567F2}"
EndProject
Project("{2150E333-8FDC-42A3-9474-1A3956D46DE8}") = "SharedKernel", "SharedKernel", "{10CEBF82-A0BB-42CE-BF11-270DD5A10097}"
EndProject
Project("{9A19103F-16F7-4668-BE54-9A1E7A4F7556}") = "Domain", "SharedKernel\Domain\Domain.csproj", "{AB10CD4C-6CC5-4033-BCB7-94C1FE9465FF}"
EndProject
Project("{9A19103F-16F7-4668-BE54-9A1E7A4F7556}") = "Test", "SharedKernel\Test\Test.csproj", "{A071BED9-6D25-4BD7-956E-2FE8622066BF}"
EndProject
Project("{9A19103F-16F7-4668-BE54-9A1E7A4F7556}") = "HumanResources.Domain.Tests", "Services\HumanResources\HumanResources.Domain.Tests\HumanResources.Domain.Tests.csproj", "{66005EB7-7D5C-4BE6-84A8-F1B381A095D8}"
EndProject
Project("{9A19103F-16F7-4668-BE54-9A1E7A4F7556}") = "HumanResources.AppLogic.Tests", "Services\HumanResources\HumanResources.AppLogic.Tests\HumanResources.AppLogic.Tests.csproj", "{E1B9344B-76CF-4FF2-B37F-6B0D583AD2E0}"
EndProject
Project("{9A19103F-16F7-4668-BE54-9A1E7A4F7556}") = "HumanResources.Api.Tests", "Services\HumanResources\HumanResources.Api.Tests\HumanResources.Api.Tests.csproj", "{6E2ABD30-0CE5-47D8-84D6-A9BB620CE190}"
EndProject
Project("{2150E333-8FDC-42A3-9474-1A3956D46DE8}") = "DevOps", "DevOps", "{51BF7A69-3771-48D1-8910-4B9A076552F2}"
EndProject
Project("{9A19103F-16F7-4668-BE54-9A1E7A4F7556}") = "DevOps.Api", "Services\DevOps\DevOps.Api\DevOps.Api.csproj", "{AAF6448F-E87C-4506-845C-BC944AA49035}"
EndProject
Project("{9A19103F-16F7-4668-BE54-9A1E7A4F7556}") = "DevOps.Domain", "Services\DevOps\DevOps.Domain\DevOps.Domain.csproj", "{2AEB7713-729C-4BF3-930E-A4AB648C8FCE}"
EndProject
Project("{9A19103F-16F7-4668-BE54-9A1E7A4F7556}") = "DevOps.AppLogic.Tests", "Services\DevOps\DevOps.AppLogic.Tests\DevOps.AppLogic.Tests.csproj", "{2546D2C6-1725-4317-A286-C4B52E09F18B}"
EndProject
Project("{9A19103F-16F7-4668-BE54-9A1E7A4F7556}") = "DevOps.Api.Tests", "Services\DevOps\DevOps.Api.Tests\DevOps.Api.Tests.csproj", "{EBDE1562-689B-4CC2-B8B3-DFBFDE415812}"
EndProject
Project("{9A19103F-16F7-4668-BE54-9A1E7A4F7556}") = "DevOps.Domain.Tests", "Services\DevOps\DevOps.Domain.Tests\DevOps.Domain.Tests.csproj", "{A9889470-BFB0-48E4-95D7-035B68FA27C7}"
EndProject
Project("{9A19103F-16F7-4668-BE54-9A1E7A4F7556}") = "DevOps.Infrastructure", "Services\DevOps\DevOps.Infrastructure\DevOps.Infrastructure.csproj", "{FA1297EF-9423-4409-8BD3-87C3C0FCBB80}"
EndProject
Project("{9A19103F-16F7-4668-BE54-9A1E7A4F7556}") = "DevOps.AppLogic", "Services\DevOps\DevOps.AppLogic\DevOps.AppLogic.csproj", "{4E4C8F20-59F4-4478-87FF-CF28729514D4}"
EndProject
Project("{9A19103F-16F7-4668-BE54-9A1E7A4F7556}") = "Api", "SharedKernel\Api\Api.csproj", "{55A6938E-00DC-448B-AA13-C33378FCDA7F}"
EndProject
Project("{9A19103F-16F7-4668-BE54-9A1E7A4F7556}") = "IntegrationEvents", "SharedKernel\IntegrationEvents\IntegrationEvents.csproj", "{ECED5181-332F-406E-A552-1D0B35276546}"
EndProject
Project("{2150E333-8FDC-42A3-9474-1A3956D46DE8}") = "Identity", "Identity", "{D10F1E89-CECD-44AC-B74C-ECBDB00ACB63}"
EndProject
Project("{9A19103F-16F7-4668-BE54-9A1E7A4F7556}") = "Identity.UI", "Services\Identity\Identity.UI\Identity.UI.csproj", "{19DC06EF-6F3E-481F-A2E0-7C9F44C34B3A}"
EndProject
Project("{2150E333-8FDC-42A3-9474-1A3956D46DE8}") = "Clients", "Clients", "{CB4BF029-BD91-419E-99EA-4BB6B4A52A88}"
EndProject
Project("{9A19103F-16F7-4668-BE54-9A1E7A4F7556}") = "KWops.Cli", "Clients\KWops.Cli\KWops.Cli.csproj", "{88208383-9E60-4B43-BA5B-2054A64DC4B2}"
EndProject
Project("{2150E333-8FDC-42A3-9474-1A3956D46DE8}") = "Training", "Training", "{E7F65CCB-62FE-4F60-ABA3-F853C285A6C3}"
EndProject
Project("{FAE04EC0-301F-11D3-BF4B-00C04F79EFBC}") = "Training.Api", "Services\Training\Training.Api\Training.Api.csproj", "{03F9BCBE-FD6E-44D8-9992-FD9C52E90B56}"
EndProject
Project("{FAE04EC0-301F-11D3-BF4B-00C04F79EFBC}") = "Training.Domain", "Services\Training\Training.Domain\Training.Domain.csproj", "{0290AD88-56BA-4C8B-A305-D75B2AA8F083}"
EndProject
Project("{FAE04EC0-301F-11D3-BF4B-00C04F79EFBC}") = "Training.AppLogic", "Services\Training\Training.AppLogic\Training.AppLogic.csproj", "{04D42CF7-3520-4008-8FD7-BDE1533A65FF}"
EndProject
Project("{FAE04EC0-301F-11D3-BF4B-00C04F79EFBC}") = "Training.Infrastructure", "Services\Training\Training.Infrastructure\Training.Infrastructure.csproj", "{FD6F08FC-226C-45ED-84D0-0CDFD0061E1F}"
EndProject
Project("{FAE04EC0-301F-11D3-BF4B-00C04F79EFBC}") = "Training.Domain.Tests", "Services\Training\Training.Domain.Tests\Training.Domain.Tests.csproj", "{FA19677F-0C89-4485-85E5-14CD60EB07AD}"
EndProject
Project("{FAE04EC0-301F-11D3-BF4B-00C04F79EFBC}") = "Training.Api.Tests", "Services\Training\Training.Api.Tests\Training.Api.Tests.csproj", "{90FBA7E2-C91D-4CD1-B5F4-9BD226F95F55}"
EndProject
Project("{FAE04EC0-301F-11D3-BF4B-00C04F79EFBC}") = "Training.AppLogic.Tests", "Services\Training\Training.AppLogic.Tests\Training.AppLogic.Tests.csproj", "{173BF770-169F-4F2A-882A-A0A4E5433DC7}"
EndProject
Global
	GlobalSection(SolutionConfigurationPlatforms) = preSolution
		Debug|Any CPU = Debug|Any CPU
		Release|Any CPU = Release|Any CPU
	EndGlobalSection
	GlobalSection(ProjectConfigurationPlatforms) = postSolution
		{4A5874C7-130D-4E92-8F74-0CC86479E780}.Debug|Any CPU.ActiveCfg = Debug|Any CPU
		{4A5874C7-130D-4E92-8F74-0CC86479E780}.Debug|Any CPU.Build.0 = Debug|Any CPU
		{4A5874C7-130D-4E92-8F74-0CC86479E780}.Release|Any CPU.ActiveCfg = Release|Any CPU
		{4A5874C7-130D-4E92-8F74-0CC86479E780}.Release|Any CPU.Build.0 = Release|Any CPU
		{F3AF02A6-1AB8-4C2A-9608-F037F4BAF031}.Debug|Any CPU.ActiveCfg = Debug|Any CPU
		{F3AF02A6-1AB8-4C2A-9608-F037F4BAF031}.Debug|Any CPU.Build.0 = Debug|Any CPU
		{F3AF02A6-1AB8-4C2A-9608-F037F4BAF031}.Release|Any CPU.ActiveCfg = Release|Any CPU
		{F3AF02A6-1AB8-4C2A-9608-F037F4BAF031}.Release|Any CPU.Build.0 = Release|Any CPU
		{D00FD5D1-2203-4403-A464-8FEB5E2DDD41}.Debug|Any CPU.ActiveCfg = Debug|Any CPU
		{D00FD5D1-2203-4403-A464-8FEB5E2DDD41}.Debug|Any CPU.Build.0 = Debug|Any CPU
		{D00FD5D1-2203-4403-A464-8FEB5E2DDD41}.Release|Any CPU.ActiveCfg = Release|Any CPU
		{D00FD5D1-2203-4403-A464-8FEB5E2DDD41}.Release|Any CPU.Build.0 = Release|Any CPU
		{0EFB8987-DE8A-4FF3-9FAC-92C07E1CAC22}.Debug|Any CPU.ActiveCfg = Debug|Any CPU
		{0EFB8987-DE8A-4FF3-9FAC-92C07E1CAC22}.Debug|Any CPU.Build.0 = Debug|Any CPU
		{0EFB8987-DE8A-4FF3-9FAC-92C07E1CAC22}.Release|Any CPU.ActiveCfg = Release|Any CPU
		{0EFB8987-DE8A-4FF3-9FAC-92C07E1CAC22}.Release|Any CPU.Build.0 = Release|Any CPU
		{9209CE8A-A837-4364-8793-331C189567F2}.Debug|Any CPU.ActiveCfg = Debug|Any CPU
		{9209CE8A-A837-4364-8793-331C189567F2}.Debug|Any CPU.Build.0 = Debug|Any CPU
		{9209CE8A-A837-4364-8793-331C189567F2}.Release|Any CPU.ActiveCfg = Release|Any CPU
		{9209CE8A-A837-4364-8793-331C189567F2}.Release|Any CPU.Build.0 = Release|Any CPU
		{AB10CD4C-6CC5-4033-BCB7-94C1FE9465FF}.Debug|Any CPU.ActiveCfg = Debug|Any CPU
		{AB10CD4C-6CC5-4033-BCB7-94C1FE9465FF}.Debug|Any CPU.Build.0 = Debug|Any CPU
		{AB10CD4C-6CC5-4033-BCB7-94C1FE9465FF}.Release|Any CPU.ActiveCfg = Release|Any CPU
		{AB10CD4C-6CC5-4033-BCB7-94C1FE9465FF}.Release|Any CPU.Build.0 = Release|Any CPU
		{A071BED9-6D25-4BD7-956E-2FE8622066BF}.Debug|Any CPU.ActiveCfg = Debug|Any CPU
		{A071BED9-6D25-4BD7-956E-2FE8622066BF}.Debug|Any CPU.Build.0 = Debug|Any CPU
		{A071BED9-6D25-4BD7-956E-2FE8622066BF}.Release|Any CPU.ActiveCfg = Release|Any CPU
		{A071BED9-6D25-4BD7-956E-2FE8622066BF}.Release|Any CPU.Build.0 = Release|Any CPU
		{66005EB7-7D5C-4BE6-84A8-F1B381A095D8}.Debug|Any CPU.ActiveCfg = Debug|Any CPU
		{66005EB7-7D5C-4BE6-84A8-F1B381A095D8}.Debug|Any CPU.Build.0 = Debug|Any CPU
		{66005EB7-7D5C-4BE6-84A8-F1B381A095D8}.Release|Any CPU.ActiveCfg = Release|Any CPU
		{66005EB7-7D5C-4BE6-84A8-F1B381A095D8}.Release|Any CPU.Build.0 = Release|Any CPU
		{E1B9344B-76CF-4FF2-B37F-6B0D583AD2E0}.Debug|Any CPU.ActiveCfg = Debug|Any CPU
		{E1B9344B-76CF-4FF2-B37F-6B0D583AD2E0}.Debug|Any CPU.Build.0 = Debug|Any CPU
		{E1B9344B-76CF-4FF2-B37F-6B0D583AD2E0}.Release|Any CPU.ActiveCfg = Release|Any CPU
		{E1B9344B-76CF-4FF2-B37F-6B0D583AD2E0}.Release|Any CPU.Build.0 = Release|Any CPU
		{6E2ABD30-0CE5-47D8-84D6-A9BB620CE190}.Debug|Any CPU.ActiveCfg = Debug|Any CPU
		{6E2ABD30-0CE5-47D8-84D6-A9BB620CE190}.Debug|Any CPU.Build.0 = Debug|Any CPU
		{6E2ABD30-0CE5-47D8-84D6-A9BB620CE190}.Release|Any CPU.ActiveCfg = Release|Any CPU
		{6E2ABD30-0CE5-47D8-84D6-A9BB620CE190}.Release|Any CPU.Build.0 = Release|Any CPU
		{AAF6448F-E87C-4506-845C-BC944AA49035}.Debug|Any CPU.ActiveCfg = Debug|Any CPU
		{AAF6448F-E87C-4506-845C-BC944AA49035}.Debug|Any CPU.Build.0 = Debug|Any CPU
		{AAF6448F-E87C-4506-845C-BC944AA49035}.Release|Any CPU.ActiveCfg = Release|Any CPU
		{AAF6448F-E87C-4506-845C-BC944AA49035}.Release|Any CPU.Build.0 = Release|Any CPU
		{2AEB7713-729C-4BF3-930E-A4AB648C8FCE}.Debug|Any CPU.ActiveCfg = Debug|Any CPU
		{2AEB7713-729C-4BF3-930E-A4AB648C8FCE}.Debug|Any CPU.Build.0 = Debug|Any CPU
		{2AEB7713-729C-4BF3-930E-A4AB648C8FCE}.Release|Any CPU.ActiveCfg = Release|Any CPU
		{2AEB7713-729C-4BF3-930E-A4AB648C8FCE}.Release|Any CPU.Build.0 = Release|Any CPU
		{2546D2C6-1725-4317-A286-C4B52E09F18B}.Debug|Any CPU.ActiveCfg = Debug|Any CPU
		{2546D2C6-1725-4317-A286-C4B52E09F18B}.Debug|Any CPU.Build.0 = Debug|Any CPU
		{2546D2C6-1725-4317-A286-C4B52E09F18B}.Release|Any CPU.ActiveCfg = Release|Any CPU
		{2546D2C6-1725-4317-A286-C4B52E09F18B}.Release|Any CPU.Build.0 = Release|Any CPU
		{EBDE1562-689B-4CC2-B8B3-DFBFDE415812}.Debug|Any CPU.ActiveCfg = Debug|Any CPU
		{EBDE1562-689B-4CC2-B8B3-DFBFDE415812}.Debug|Any CPU.Build.0 = Debug|Any CPU
		{EBDE1562-689B-4CC2-B8B3-DFBFDE415812}.Release|Any CPU.ActiveCfg = Release|Any CPU
		{EBDE1562-689B-4CC2-B8B3-DFBFDE415812}.Release|Any CPU.Build.0 = Release|Any CPU
		{A9889470-BFB0-48E4-95D7-035B68FA27C7}.Debug|Any CPU.ActiveCfg = Debug|Any CPU
		{A9889470-BFB0-48E4-95D7-035B68FA27C7}.Debug|Any CPU.Build.0 = Debug|Any CPU
		{A9889470-BFB0-48E4-95D7-035B68FA27C7}.Release|Any CPU.ActiveCfg = Release|Any CPU
		{A9889470-BFB0-48E4-95D7-035B68FA27C7}.Release|Any CPU.Build.0 = Release|Any CPU
		{FA1297EF-9423-4409-8BD3-87C3C0FCBB80}.Debug|Any CPU.ActiveCfg = Debug|Any CPU
		{FA1297EF-9423-4409-8BD3-87C3C0FCBB80}.Debug|Any CPU.Build.0 = Debug|Any CPU
		{FA1297EF-9423-4409-8BD3-87C3C0FCBB80}.Release|Any CPU.ActiveCfg = Release|Any CPU
		{FA1297EF-9423-4409-8BD3-87C3C0FCBB80}.Release|Any CPU.Build.0 = Release|Any CPU
		{4E4C8F20-59F4-4478-87FF-CF28729514D4}.Debug|Any CPU.ActiveCfg = Debug|Any CPU
		{4E4C8F20-59F4-4478-87FF-CF28729514D4}.Debug|Any CPU.Build.0 = Debug|Any CPU
		{4E4C8F20-59F4-4478-87FF-CF28729514D4}.Release|Any CPU.ActiveCfg = Release|Any CPU
		{4E4C8F20-59F4-4478-87FF-CF28729514D4}.Release|Any CPU.Build.0 = Release|Any CPU
		{55A6938E-00DC-448B-AA13-C33378FCDA7F}.Debug|Any CPU.ActiveCfg = Debug|Any CPU
		{55A6938E-00DC-448B-AA13-C33378FCDA7F}.Debug|Any CPU.Build.0 = Debug|Any CPU
		{55A6938E-00DC-448B-AA13-C33378FCDA7F}.Release|Any CPU.ActiveCfg = Release|Any CPU
		{55A6938E-00DC-448B-AA13-C33378FCDA7F}.Release|Any CPU.Build.0 = Release|Any CPU
		{ECED5181-332F-406E-A552-1D0B35276546}.Debug|Any CPU.ActiveCfg = Debug|Any CPU
		{ECED5181-332F-406E-A552-1D0B35276546}.Debug|Any CPU.Build.0 = Debug|Any CPU
		{ECED5181-332F-406E-A552-1D0B35276546}.Release|Any CPU.ActiveCfg = Release|Any CPU
		{ECED5181-332F-406E-A552-1D0B35276546}.Release|Any CPU.Build.0 = Release|Any CPU
		{19DC06EF-6F3E-481F-A2E0-7C9F44C34B3A}.Debug|Any CPU.ActiveCfg = Debug|Any CPU
		{19DC06EF-6F3E-481F-A2E0-7C9F44C34B3A}.Debug|Any CPU.Build.0 = Debug|Any CPU
		{19DC06EF-6F3E-481F-A2E0-7C9F44C34B3A}.Release|Any CPU.ActiveCfg = Release|Any CPU
		{19DC06EF-6F3E-481F-A2E0-7C9F44C34B3A}.Release|Any CPU.Build.0 = Release|Any CPU
		{88208383-9E60-4B43-BA5B-2054A64DC4B2}.Debug|Any CPU.ActiveCfg = Debug|Any CPU
		{88208383-9E60-4B43-BA5B-2054A64DC4B2}.Debug|Any CPU.Build.0 = Debug|Any CPU
		{88208383-9E60-4B43-BA5B-2054A64DC4B2}.Release|Any CPU.ActiveCfg = Release|Any CPU
		{88208383-9E60-4B43-BA5B-2054A64DC4B2}.Release|Any CPU.Build.0 = Release|Any CPU
		{03F9BCBE-FD6E-44D8-9992-FD9C52E90B56}.Debug|Any CPU.ActiveCfg = Debug|Any CPU
		{03F9BCBE-FD6E-44D8-9992-FD9C52E90B56}.Debug|Any CPU.Build.0 = Debug|Any CPU
		{03F9BCBE-FD6E-44D8-9992-FD9C52E90B56}.Release|Any CPU.ActiveCfg = Release|Any CPU
		{03F9BCBE-FD6E-44D8-9992-FD9C52E90B56}.Release|Any CPU.Build.0 = Release|Any CPU
		{0290AD88-56BA-4C8B-A305-D75B2AA8F083}.Debug|Any CPU.ActiveCfg = Debug|Any CPU
		{0290AD88-56BA-4C8B-A305-D75B2AA8F083}.Debug|Any CPU.Build.0 = Debug|Any CPU
		{0290AD88-56BA-4C8B-A305-D75B2AA8F083}.Release|Any CPU.ActiveCfg = Release|Any CPU
		{0290AD88-56BA-4C8B-A305-D75B2AA8F083}.Release|Any CPU.Build.0 = Release|Any CPU
		{04D42CF7-3520-4008-8FD7-BDE1533A65FF}.Debug|Any CPU.ActiveCfg = Debug|Any CPU
		{04D42CF7-3520-4008-8FD7-BDE1533A65FF}.Debug|Any CPU.Build.0 = Debug|Any CPU
		{04D42CF7-3520-4008-8FD7-BDE1533A65FF}.Release|Any CPU.ActiveCfg = Release|Any CPU
		{04D42CF7-3520-4008-8FD7-BDE1533A65FF}.Release|Any CPU.Build.0 = Release|Any CPU
		{FD6F08FC-226C-45ED-84D0-0CDFD0061E1F}.Debug|Any CPU.ActiveCfg = Debug|Any CPU
		{FD6F08FC-226C-45ED-84D0-0CDFD0061E1F}.Debug|Any CPU.Build.0 = Debug|Any CPU
		{FD6F08FC-226C-45ED-84D0-0CDFD0061E1F}.Release|Any CPU.ActiveCfg = Release|Any CPU
		{FD6F08FC-226C-45ED-84D0-0CDFD0061E1F}.Release|Any CPU.Build.0 = Release|Any CPU
		{FA19677F-0C89-4485-85E5-14CD60EB07AD}.Debug|Any CPU.ActiveCfg = Debug|Any CPU
		{FA19677F-0C89-4485-85E5-14CD60EB07AD}.Debug|Any CPU.Build.0 = Debug|Any CPU
		{FA19677F-0C89-4485-85E5-14CD60EB07AD}.Release|Any CPU.ActiveCfg = Release|Any CPU
		{FA19677F-0C89-4485-85E5-14CD60EB07AD}.Release|Any CPU.Build.0 = Release|Any CPU
		{90FBA7E2-C91D-4CD1-B5F4-9BD226F95F55}.Debug|Any CPU.ActiveCfg = Debug|Any CPU
		{90FBA7E2-C91D-4CD1-B5F4-9BD226F95F55}.Debug|Any CPU.Build.0 = Debug|Any CPU
		{90FBA7E2-C91D-4CD1-B5F4-9BD226F95F55}.Release|Any CPU.ActiveCfg = Release|Any CPU
		{90FBA7E2-C91D-4CD1-B5F4-9BD226F95F55}.Release|Any CPU.Build.0 = Release|Any CPU
		{173BF770-169F-4F2A-882A-A0A4E5433DC7}.Debug|Any CPU.ActiveCfg = Debug|Any CPU
		{173BF770-169F-4F2A-882A-A0A4E5433DC7}.Debug|Any CPU.Build.0 = Debug|Any CPU
		{173BF770-169F-4F2A-882A-A0A4E5433DC7}.Release|Any CPU.ActiveCfg = Release|Any CPU
		{173BF770-169F-4F2A-882A-A0A4E5433DC7}.Release|Any CPU.Build.0 = Release|Any CPU
	EndGlobalSection
	GlobalSection(SolutionProperties) = preSolution
		HideSolutionNode = FALSE
	EndGlobalSection
	GlobalSection(NestedProjects) = preSolution
		{94BB062A-5102-491A-B971-09D59AC28494} = {7CEB4614-F105-4F1F-BBC3-175A15722ABB}
		{4A5874C7-130D-4E92-8F74-0CC86479E780} = {94BB062A-5102-491A-B971-09D59AC28494}
		{F3AF02A6-1AB8-4C2A-9608-F037F4BAF031} = {94BB062A-5102-491A-B971-09D59AC28494}
		{D00FD5D1-2203-4403-A464-8FEB5E2DDD41} = {94BB062A-5102-491A-B971-09D59AC28494}
		{0EFB8987-DE8A-4FF3-9FAC-92C07E1CAC22} = {94BB062A-5102-491A-B971-09D59AC28494}
		{AB10CD4C-6CC5-4033-BCB7-94C1FE9465FF} = {10CEBF82-A0BB-42CE-BF11-270DD5A10097}
		{A071BED9-6D25-4BD7-956E-2FE8622066BF} = {10CEBF82-A0BB-42CE-BF11-270DD5A10097}
		{66005EB7-7D5C-4BE6-84A8-F1B381A095D8} = {94BB062A-5102-491A-B971-09D59AC28494}
		{E1B9344B-76CF-4FF2-B37F-6B0D583AD2E0} = {94BB062A-5102-491A-B971-09D59AC28494}
		{6E2ABD30-0CE5-47D8-84D6-A9BB620CE190} = {94BB062A-5102-491A-B971-09D59AC28494}
		{51BF7A69-3771-48D1-8910-4B9A076552F2} = {7CEB4614-F105-4F1F-BBC3-175A15722ABB}
		{AAF6448F-E87C-4506-845C-BC944AA49035} = {51BF7A69-3771-48D1-8910-4B9A076552F2}
		{2AEB7713-729C-4BF3-930E-A4AB648C8FCE} = {51BF7A69-3771-48D1-8910-4B9A076552F2}
		{2546D2C6-1725-4317-A286-C4B52E09F18B} = {51BF7A69-3771-48D1-8910-4B9A076552F2}
		{EBDE1562-689B-4CC2-B8B3-DFBFDE415812} = {51BF7A69-3771-48D1-8910-4B9A076552F2}
		{A9889470-BFB0-48E4-95D7-035B68FA27C7} = {51BF7A69-3771-48D1-8910-4B9A076552F2}
		{FA1297EF-9423-4409-8BD3-87C3C0FCBB80} = {51BF7A69-3771-48D1-8910-4B9A076552F2}
		{4E4C8F20-59F4-4478-87FF-CF28729514D4} = {51BF7A69-3771-48D1-8910-4B9A076552F2}
		{55A6938E-00DC-448B-AA13-C33378FCDA7F} = {10CEBF82-A0BB-42CE-BF11-270DD5A10097}
		{ECED5181-332F-406E-A552-1D0B35276546} = {10CEBF82-A0BB-42CE-BF11-270DD5A10097}
		{D10F1E89-CECD-44AC-B74C-ECBDB00ACB63} = {7CEB4614-F105-4F1F-BBC3-175A15722ABB}
		{19DC06EF-6F3E-481F-A2E0-7C9F44C34B3A} = {D10F1E89-CECD-44AC-B74C-ECBDB00ACB63}
		{88208383-9E60-4B43-BA5B-2054A64DC4B2} = {CB4BF029-BD91-419E-99EA-4BB6B4A52A88}
		{E7F65CCB-62FE-4F60-ABA3-F853C285A6C3} = {7CEB4614-F105-4F1F-BBC3-175A15722ABB}
		{03F9BCBE-FD6E-44D8-9992-FD9C52E90B56} = {E7F65CCB-62FE-4F60-ABA3-F853C285A6C3}
		{0290AD88-56BA-4C8B-A305-D75B2AA8F083} = {E7F65CCB-62FE-4F60-ABA3-F853C285A6C3}
		{04D42CF7-3520-4008-8FD7-BDE1533A65FF} = {E7F65CCB-62FE-4F60-ABA3-F853C285A6C3}
		{FD6F08FC-226C-45ED-84D0-0CDFD0061E1F} = {E7F65CCB-62FE-4F60-ABA3-F853C285A6C3}
		{FA19677F-0C89-4485-85E5-14CD60EB07AD} = {E7F65CCB-62FE-4F60-ABA3-F853C285A6C3}
		{90FBA7E2-C91D-4CD1-B5F4-9BD226F95F55} = {E7F65CCB-62FE-4F60-ABA3-F853C285A6C3}
		{173BF770-169F-4F2A-882A-A0A4E5433DC7} = {E7F65CCB-62FE-4F60-ABA3-F853C285A6C3}
	EndGlobalSection
	GlobalSection(ExtensibilityGlobals) = postSolution
		SolutionGuid = {68266BFC-32A8-408A-BF83-21CB86865450}
	EndGlobalSection
EndGlobal
